
Microsoft Visual Studio Solution File, Format Version 12.00
# Visual Studio Version 16
VisualStudioVersion = 16.0.30128.36
MinimumVisualStudioVersion = 10.0.40219.1
Project("{FAE04EC0-301F-11D3-BF4B-00C04F79EFBC}") = "DrawingToolForTeaching", "DrawingToolForTeaching.csproj", "{1AA91412-259F-4C26-880E-C8C8D4E8CFA7}"
EndProject
Global
	GlobalSection(SolutionConfigurationPlatforms) = preSolution
		Debug|Any CPU = Debug|Any CPU
		Release|Any CPU = Release|Any CPU
	EndGlobalSection
	GlobalSection(ProjectConfigurationPlatforms) = postSolution
		{1AA91412-259F-4C26-880E-C8C8D4E8CFA7}.Debug|Any CPU.ActiveCfg = Debug|Any CPU
		{1AA91412-259F-4C26-880E-C8C8D4E8CFA7}.Debug|Any CPU.Build.0 = Debug|Any CPU
		{1AA91412-259F-4C26-880E-C8C8D4E8CFA7}.Release|Any CPU.ActiveCfg = Release|Any CPU
		{1AA91412-259F-4C26-880E-C8C8D4E8CFA7}.Release|Any CPU.Build.0 = Release|Any CPU
	EndGlobalSection
	GlobalSection(SolutionProperties) = preSolution
		HideSolutionNode = FALSE
	EndGlobalSection
	GlobalSection(ExtensibilityGlobals) = postSolution
		SolutionGuid = {33640B06-939E-4781-A1CE-46D90E210CD3}
	EndGlobalSection
EndGlobal
